// !$*UTF8*$!
{
	archiveVersion = 1;
	classes = {
	};
	objectVersion = 46;
	objects = {

/* Begin PBXBuildFile section */
		C362DABD1D83CB4B007DD07D /* Utilities.swift in Sources */ = {isa = PBXBuildFile; fileRef = C362DABC1D83CB4B007DD07D /* Utilities.swift */; };
		C37B6DCE1D7F487C00F0830B /* AppDelegate.swift in Sources */ = {isa = PBXBuildFile; fileRef = C37B6DCD1D7F487C00F0830B /* AppDelegate.swift */; };
		C37B6DD01D7F487C00F0830B /* ViewController.swift in Sources */ = {isa = PBXBuildFile; fileRef = C37B6DCF1D7F487C00F0830B /* ViewController.swift */; };
		C37B6DD31D7F487C00F0830B /* Main.storyboard in Resources */ = {isa = PBXBuildFile; fileRef = C37B6DD11D7F487C00F0830B /* Main.storyboard */; };
		C37B6DD51D7F487C00F0830B /* Assets.xcassets in Resources */ = {isa = PBXBuildFile; fileRef = C37B6DD41D7F487C00F0830B /* Assets.xcassets */; };
		C37B6DD81D7F487C00F0830B /* LaunchScreen.storyboard in Resources */ = {isa = PBXBuildFile; fileRef = C37B6DD61D7F487C00F0830B /* LaunchScreen.storyboard */; };
		C37B6DE41D82952C00F0830B /* Primes.swift in Sources */ = {isa = PBXBuildFile; fileRef = C37B6DE31D82952C00F0830B /* Primes.swift */; };
/* End PBXBuildFile section */

/* Begin PBXFileReference section */
		C362DABC1D83CB4B007DD07D /* Utilities.swift */ = {isa = PBXFileReference; fileEncoding = 4; lastKnownFileType = sourcecode.swift; name = Utilities.swift; path = util/Utilities.swift; sourceTree = "<group>"; };
		C37B6DCA1D7F487C00F0830B /* Criba De Erastótenes.app */ = {isa = PBXFileReference; explicitFileType = wrapper.application; includeInIndex = 0; path = "Criba De Erastótenes.app"; sourceTree = BUILT_PRODUCTS_DIR; };
		C37B6DCD1D7F487C00F0830B /* AppDelegate.swift */ = {isa = PBXFileReference; lastKnownFileType = sourcecode.swift; path = AppDelegate.swift; sourceTree = "<group>"; };
		C37B6DCF1D7F487C00F0830B /* ViewController.swift */ = {isa = PBXFileReference; lastKnownFileType = sourcecode.swift; path = ViewController.swift; sourceTree = "<group>"; };
		C37B6DD21D7F487C00F0830B /* Base */ = {isa = PBXFileReference; lastKnownFileType = file.storyboard; name = Base; path = Base.lproj/Main.storyboard; sourceTree = "<group>"; };
		C37B6DD41D7F487C00F0830B /* Assets.xcassets */ = {isa = PBXFileReference; lastKnownFileType = folder.assetcatalog; path = Assets.xcassets; sourceTree = "<group>"; };
		C37B6DD71D7F487C00F0830B /* Base */ = {isa = PBXFileReference; lastKnownFileType = file.storyboard; name = Base; path = Base.lproj/LaunchScreen.storyboard; sourceTree = "<group>"; };
		C37B6DD91D7F487C00F0830B /* Info.plist */ = {isa = PBXFileReference; lastKnownFileType = text.plist.xml; path = Info.plist; sourceTree = "<group>"; };
		C37B6DE31D82952C00F0830B /* Primes.swift */ = {isa = PBXFileReference; fileEncoding = 4; lastKnownFileType = sourcecode.swift; name = Primes.swift; path = clases/Primes.swift; sourceTree = "<group>"; };
/* End PBXFileReference section */

/* Begin PBXFrameworksBuildPhase section */
		C37B6DC71D7F487C00F0830B /* Frameworks */ = {
			isa = PBXFrameworksBuildPhase;
			buildActionMask = 2147483647;
			files = (
			);
			runOnlyForDeploymentPostprocessing = 0;
		};
/* End PBXFrameworksBuildPhase section */

/* Begin PBXGroup section */
		C37B6DC11D7F487C00F0830B = {
			isa = PBXGroup;
			children = (
				C37B6DCC1D7F487C00F0830B /* Criba De Erastótenes */,
				C37B6DCB1D7F487C00F0830B /* Products */,
			);
			sourceTree = "<group>";
		};
		C37B6DCB1D7F487C00F0830B /* Products */ = {
			isa = PBXGroup;
			children = (
				C37B6DCA1D7F487C00F0830B /* Criba De Erastótenes.app */,
			);
			name = Products;
			sourceTree = "<group>";
		};
		C37B6DCC1D7F487C00F0830B /* Criba De Erastótenes */ = {
			isa = PBXGroup;
			children = (
				C362DABC1D83CB4B007DD07D /* Utilities.swift */,
				C37B6DE31D82952C00F0830B /* Primes.swift */,
				C37B6DCD1D7F487C00F0830B /* AppDelegate.swift */,
				C37B6DCF1D7F487C00F0830B /* ViewController.swift */,
				C37B6DD11D7F487C00F0830B /* Main.storyboard */,
				C37B6DD41D7F487C00F0830B /* Assets.xcassets */,
				C37B6DD61D7F487C00F0830B /* LaunchScreen.storyboard */,
				C37B6DD91D7F487C00F0830B /* Info.plist */,
			);
			path = "Criba De Erastótenes";
			sourceTree = "<group>";
		};
/* End PBXGroup section */

/* Begin PBXNativeTarget section */
		C37B6DC91D7F487C00F0830B /* Criba De Erastótenes */ = {
			isa = PBXNativeTarget;
			buildConfigurationList = C37B6DDC1D7F487C00F0830B /* Build configuration list for PBXNativeTarget "Criba De Erastótenes" */;
			buildPhases = (
				C37B6DC61D7F487C00F0830B /* Sources */,
				C37B6DC71D7F487C00F0830B /* Frameworks */,
				C37B6DC81D7F487C00F0830B /* Resources */,
			);
			buildRules = (
			);
			dependencies = (
			);
			name = "Criba De Erastótenes";
			productName = "Criba De Erastótenes";
			productReference = C37B6DCA1D7F487C00F0830B /* Criba De Erastótenes.app */;
			productType = "com.apple.product-type.application";
		};
/* End PBXNativeTarget section */

/* Begin PBXProject section */
		C37B6DC21D7F487C00F0830B /* Project object */ = {
			isa = PBXProject;
			attributes = {
				LastSwiftUpdateCheck = 0730;
				LastUpgradeCheck = 0730;
				ORGANIZATIONNAME = "Gerson Montenegro";
				TargetAttributes = {
					C37B6DC91D7F487C00F0830B = {
						CreatedOnToolsVersion = 7.3.1;
						DevelopmentTeam = P39JER3QKM;
					};
				};
			};
			buildConfigurationList = C37B6DC51D7F487C00F0830B /* Build configuration list for PBXProject "Criba De Erastótenes" */;
			compatibilityVersion = "Xcode 3.2";
			developmentRegion = English;
			hasScannedForEncodings = 0;
			knownRegions = (
				en,
				Base,
			);
			mainGroup = C37B6DC11D7F487C00F0830B;
			productRefGroup = C37B6DCB1D7F487C00F0830B /* Products */;
			projectDirPath = "";
			projectRoot = "";
			targets = (
				C37B6DC91D7F487C00F0830B /* Criba De Erastótenes */,
			);
		};
/* End PBXProject section */

/* Begin PBXResourcesBuildPhase section */
		C37B6DC81D7F487C00F0830B /* Resources */ = {
			isa = PBXResourcesBuildPhase;
			buildActionMask = 2147483647;
			files = (
				C37B6DD81D7F487C00F0830B /* LaunchScreen.storyboard in Resources */,
				C37B6DD51D7F487C00F0830B /* Assets.xcassets in Resources */,
				C37B6DD31D7F487C00F0830B /* Main.storyboard in Resources */,
			);
			runOnlyForDeploymentPostprocessing = 0;
		};
/* End PBXResourcesBuildPhase section */

/* Begin PBXSourcesBuildPhase section */
		C37B6DC61D7F487C00F0830B /* Sources */ = {
			isa = PBXSourcesBuildPhase;
			buildActionMask = 2147483647;
			files = (
				C37B6DD01D7F487C00F0830B /* ViewController.swift in Sources */,
				C37B6DCE1D7F487C00F0830B /* AppDelegate.swift in Sources */,
				C362DABD1D83CB4B007DD07D /* Utilities.swift in Sources */,
				C37B6DE41D82952C00F0830B /* Primes.swift in Sources */,
			);
			runOnlyForDeploymentPostprocessing = 0;
		};
/* End PBXSourcesBuildPhase section */

/* Begin PBXVariantGroup section */
		C37B6DD11D7F487C00F0830B /* Main.storyboard */ = {
			isa = PBXVariantGroup;
			children = (
				C37B6DD21D7F487C00F0830B /* Base */,
			);
			name = Main.storyboard;
			sourceTree = "<group>";
		};
		C37B6DD61D7F487C00F0830B /* LaunchScreen.storyboard */ = {
			isa = PBXVariantGroup;
			children = (
				C37B6DD71D7F487C00F0830B /* Base */,
			);
			name = LaunchScreen.storyboard;
			sourceTree = "<group>";
		};
/* End PBXVariantGroup section */

/* Begin XCBuildConfiguration section */
		C37B6DDA1D7F487C00F0830B /* Debug */ = {
			isa = XCBuildConfiguration;
			buildSettings = {
				ALWAYS_SEARCH_USER_PATHS = NO;
				CLANG_ANALYZER_NONNULL = YES;
				CLANG_CXX_LANGUAGE_STANDARD = "gnu++0x";
				CLANG_CXX_LIBRARY = "libc++";
				CLANG_ENABLE_MODULES = YES;
				CLANG_ENABLE_OBJC_ARC = YES;
				CLANG_WARN_BOOL_CONVERSION = YES;
				CLANG_WARN_CONSTANT_CONVERSION = YES;
				CLANG_WARN_DIRECT_OBJC_ISA_USAGE = YES_ERROR;
				CLANG_WARN_EMPTY_BODY = YES;
				CLANG_WARN_ENUM_CONVERSION = YES;
				CLANG_WARN_INT_CONVERSION = YES;
				CLANG_WARN_OBJC_ROOT_CLASS = YES_ERROR;
				CLANG_WARN_UNREACHABLE_CODE = YES;
				CLANG_WARN__DUPLICATE_METHOD_MATCH = YES;
				"CODE_SIGN_IDENTITY[sdk=iphoneos*]" = "iPhone Developer";
				COPY_PHASE_STRIP = NO;
				DEBUG_INFORMATION_FORMAT = dwarf;
				ENABLE_STRICT_OBJC_MSGSEND = YES;
				ENABLE_TESTABILITY = YES;
				GCC_C_LANGUAGE_STANDARD = gnu99;
				GCC_DYNAMIC_NO_PIC = NO;
				GCC_NO_COMMON_BLOCKS = YES;
				GCC_OPTIMIZATION_LEVEL = 0;
				GCC_PREPROCESSOR_DEFINITIONS = (
					"DEBUG=1",
					"$(inherited)",
				);
				GCC_WARN_64_TO_32_BIT_CONVERSION = YES;
				GCC_WARN_ABOUT_RETURN_TYPE = YES_ERROR;
				GCC_WARN_UNDECLARED_SELECTOR = YES;
				GCC_WARN_UNINITIALIZED_AUTOS = YES_AGGRESSIVE;
				GCC_WARN_UNUSED_FUNCTION = YES;
				GCC_WARN_UNUSED_VARIABLE = YES;
				IPHONEOS_DEPLOYMENT_TARGET = 9.3;
				MTL_ENABLE_DEBUG_INFO = YES;
				ONLY_ACTIVE_ARCH = YES;
				SDKROOT = iphoneos;
				SWIFT_OPTIMIZATION_LEVEL = "-Onone";
			};
			name = Debug;
		};
		C37B6DDB1D7F487C00F0830B /* Release */ = {
			isa = XCBuildConfiguration;
			buildSettings = {
				ALWAYS_SEARCH_USER_PATHS = NO;
				CLANG_ANALYZER_NONNULL = YES;
				CLANG_CXX_LANGUAGE_STANDARD = "gnu++0x";
				CLANG_CXX_LIBRARY = "libc++";
				CLANG_ENABLE_MODULES = YES;
				CLANG_ENABLE_OBJC_ARC = YES;
				CLANG_WARN_BOOL_CONVERSION = YES;
				CLANG_WARN_CONSTANT_CONVERSION = YES;
				CLANG_WARN_DIRECT_OBJC_ISA_USAGE = YES_ERROR;
				CLANG_WARN_EMPTY_BODY = YES;
				CLANG_WARN_ENUM_CONVERSION = YES;
				CLANG_WARN_INT_CONVERSION = YES;
				CLANG_WARN_OBJC_ROOT_CLASS = YES_ERROR;
				CLANG_WARN_UNREACHABLE_CODE = YES;
				CLANG_WARN__DUPLICATE_METHOD_MATCH = YES;
				"CODE_SIGN_IDENTITY[sdk=iphoneos*]" = "iPhone Developer";
				COPY_PHASE_STRIP = NO;
				DEBUG_INFORMATION_FORMAT = "dwarf-with-dsym";
				ENABLE_NS_ASSERTIONS = NO;
				ENABLE_STRICT_OBJC_MSGSEND = YES;
				GCC_C_LANGUAGE_STANDARD = gnu99;
				GCC_NO_COMMON_BLOCKS = YES;
				GCC_WARN_64_TO_32_BIT_CONVERSION = YES;
				GCC_WARN_ABOUT_RETURN_TYPE = YES_ERROR;
				GCC_WARN_UNDECLARED_SELECTOR = YES;
				GCC_WARN_UNINITIALIZED_AUTOS = YES_AGGRESSIVE;
				GCC_WARN_UNUSED_FUNCTION = YES;
				GCC_WARN_UNUSED_VARIABLE = YES;
				IPHONEOS_DEPLOYMENT_TARGET = 9.3;
				MTL_ENABLE_DEBUG_INFO = NO;
				SDKROOT = iphoneos;
				VALIDATE_PRODUCT = YES;
			};
			name = Release;
		};
		C37B6DDD1D7F487C00F0830B /* Debug */ = {
			isa = XCBuildConfiguration;
			buildSettings = {
				ASSETCATALOG_COMPILER_APPICON_NAME = AppIcon;
				INFOPLIST_FILE = "Criba De Erastótenes/Info.plist";
				IPHONEOS_DEPLOYMENT_TARGET = 7.1;
				LD_RUNPATH_SEARCH_PATHS = "$(inherited) @executable_path/Frameworks";
				PRODUCT_BUNDLE_IDENTIFIER = "co.mobilecorp.Criba-De-Erasto-tenes";
				PRODUCT_NAME = "$(TARGET_NAME)";
			};
			name = Debug;
		};
		C37B6DDE1D7F487C00F0830B /* Release */ = {
			isa = XCBuildConfiguration;
			buildSettings = {
				ASSETCATALOG_COMPILER_APPICON_NAME = AppIcon;
				INFOPLIST_FILE = "Criba De Erastótenes/Info.plist";
				IPHONEOS_DEPLOYMENT_TARGET = 7.1;
				LD_RUNPATH_SEARCH_PATHS = "$(inherited) @executable_path/Frameworks";
				PRODUCT_BUNDLE_IDENTIFIER = "co.mobilecorp.Criba-De-Erasto-tenes";
				PRODUCT_NAME = "$(TARGET_NAME)";
			};
			name = Release;
		};
/* End XCBuildConfiguration section */

/* Begin XCConfigurationList section */
		C37B6DC51D7F487C00F0830B /* Build configuration list for PBXProject "Criba De Erastótenes" */ = {
			isa = XCConfigurationList;
			buildConfigurations = (
				C37B6DDA1D7F487C00F0830B /* Debug */,
				C37B6DDB1D7F487C00F0830B /* Release */,
			);
			defaultConfigurationIsVisible = 0;
			defaultConfigurationName = Release;
		};
		C37B6DDC1D7F487C00F0830B /* Build configuration list for PBXNativeTarget "Criba De Erastótenes" */ = {
			isa = XCConfigurationList;
			buildConfigurations = (
				C37B6DDD1D7F487C00F0830B /* Debug */,
				C37B6DDE1D7F487C00F0830B /* Release */,
			);
			defaultConfigurationIsVisible = 0;
			defaultConfigurationName = Release;
		};
/* End XCConfigurationList section */
	};
	rootObject = C37B6DC21D7F487C00F0830B /* Project object */;
}
